
Microsoft Visual Studio Solution File, Format Version 12.00
# Visual Studio Version 16
VisualStudioVersion = 16.0.31112.23
MinimumVisualStudioVersion = 10.0.40219.1
Project("{FAE04EC0-301F-11D3-BF4B-00C04F79EFBC}") = "ProductCRUDCart", "ProductCRUDCart.csproj", "{AAC3EEF5-C7A2-490E-A084-89F244757036}"
EndProject
Global
	GlobalSection(SolutionConfigurationPlatforms) = preSolution
		Debug|Any CPU = Debug|Any CPU
		Release|Any CPU = Release|Any CPU
	EndGlobalSection
	GlobalSection(ProjectConfigurationPlatforms) = postSolution
		{AAC3EEF5-C7A2-490E-A084-89F244757036}.Debug|Any CPU.ActiveCfg = Debug|Any CPU
		{AAC3EEF5-C7A2-490E-A084-89F244757036}.Debug|Any CPU.Build.0 = Debug|Any CPU
		{AAC3EEF5-C7A2-490E-A084-89F244757036}.Release|Any CPU.ActiveCfg = Release|Any CPU
		{AAC3EEF5-C7A2-490E-A084-89F244757036}.Release|Any CPU.Build.0 = Release|Any CPU
	EndGlobalSection
	GlobalSection(SolutionProperties) = preSolution
		HideSolutionNode = FALSE
	EndGlobalSection
	GlobalSection(ExtensibilityGlobals) = postSolution
		SolutionGuid = {119FC0A8-18CA-4980-B2D5-27BEEBFA1745}
	EndGlobalSection
EndGlobal
